
Microsoft Visual Studio Solution File, Format Version 12.00
# Visual Studio Version 16
VisualStudioVersion = 16.0.31729.503
MinimumVisualStudioVersion = 10.0.40219.1
Project("{9A19103F-16F7-4668-BE54-9A1E7A4F7556}") = "ChallengeIOLApi", "ChallengeIOLApi\ChallengeIOLApi.csproj", "{3BA06314-A42F-4766-AE2E-C2925E57A691}"
EndProject
Project("{FAE04EC0-301F-11D3-BF4B-00C04F79EFBC}") = "ChallengeIOLApiNUnitTest", "ChallengeIOLApiNUnitTest\ChallengeIOLApiNUnitTest.csproj", "{51D4DA48-B1CE-4B9F-8E57-296C25DDF0DA}"
EndProject
Global
	GlobalSection(SolutionConfigurationPlatforms) = preSolution
		Debug|Any CPU = Debug|Any CPU
		Release|Any CPU = Release|Any CPU
	EndGlobalSection
	GlobalSection(ProjectConfigurationPlatforms) = postSolution
		{3BA06314-A42F-4766-AE2E-C2925E57A691}.Debug|Any CPU.ActiveCfg = Debug|Any CPU
		{3BA06314-A42F-4766-AE2E-C2925E57A691}.Debug|Any CPU.Build.0 = Debug|Any CPU
		{3BA06314-A42F-4766-AE2E-C2925E57A691}.Release|Any CPU.ActiveCfg = Release|Any CPU
		{3BA06314-A42F-4766-AE2E-C2925E57A691}.Release|Any CPU.Build.0 = Release|Any CPU
		{51D4DA48-B1CE-4B9F-8E57-296C25DDF0DA}.Debug|Any CPU.ActiveCfg = Debug|Any CPU
		{51D4DA48-B1CE-4B9F-8E57-296C25DDF0DA}.Debug|Any CPU.Build.0 = Debug|Any CPU
		{51D4DA48-B1CE-4B9F-8E57-296C25DDF0DA}.Release|Any CPU.ActiveCfg = Release|Any CPU
		{51D4DA48-B1CE-4B9F-8E57-296C25DDF0DA}.Release|Any CPU.Build.0 = Release|Any CPU
	EndGlobalSection
	GlobalSection(SolutionProperties) = preSolution
		HideSolutionNode = FALSE
	EndGlobalSection
	GlobalSection(ExtensibilityGlobals) = postSolution
		SolutionGuid = {BE66BEFC-7B58-47AC-8729-EC8FF7716197}
	EndGlobalSection
EndGlobal
